
Microsoft Visual Studio Solution File, Format Version 12.00
# Visual Studio Version 17
VisualStudioVersion = 17.9.34701.34
MinimumVisualStudioVersion = 10.0.40219.1
Project("{9A19103F-16F7-4668-BE54-9A1E7A4F7556}") = "MillePortfolio", "MillePortfolio\MillePortfolio.csproj", "{13C4EC63-8E7C-487F-B31A-5FC7A73D8244}"
EndProject
Project("{9A19103F-16F7-4668-BE54-9A1E7A4F7556}") = "ProjectApi", "ProjectApi\ProjectApi.csproj", "{C9ED6F37-128F-4A66-BDB9-1E71778F49CE}"
EndProject
Global
	GlobalSection(SolutionConfigurationPlatforms) = preSolution
		Debug|Any CPU = Debug|Any CPU
		Release|Any CPU = Release|Any CPU
	EndGlobalSection
	GlobalSection(ProjectConfigurationPlatforms) = postSolution
		{13C4EC63-8E7C-487F-B31A-5FC7A73D8244}.Debug|Any CPU.ActiveCfg = Debug|Any CPU
		{13C4EC63-8E7C-487F-B31A-5FC7A73D8244}.Debug|Any CPU.Build.0 = Debug|Any CPU
		{13C4EC63-8E7C-487F-B31A-5FC7A73D8244}.Release|Any CPU.ActiveCfg = Release|Any CPU
		{13C4EC63-8E7C-487F-B31A-5FC7A73D8244}.Release|Any CPU.Build.0 = Release|Any CPU
		{C9ED6F37-128F-4A66-BDB9-1E71778F49CE}.Debug|Any CPU.ActiveCfg = Debug|Any CPU
		{C9ED6F37-128F-4A66-BDB9-1E71778F49CE}.Debug|Any CPU.Build.0 = Debug|Any CPU
		{C9ED6F37-128F-4A66-BDB9-1E71778F49CE}.Release|Any CPU.ActiveCfg = Release|Any CPU
		{C9ED6F37-128F-4A66-BDB9-1E71778F49CE}.Release|Any CPU.Build.0 = Release|Any CPU
	EndGlobalSection
	GlobalSection(SolutionProperties) = preSolution
		HideSolutionNode = FALSE
	EndGlobalSection
	GlobalSection(ExtensibilityGlobals) = postSolution
		SolutionGuid = {04677515-5E84-4CDD-8CDE-B39B1BCD8696}
	EndGlobalSection
EndGlobal
